
Microsoft Visual Studio Solution File, Format Version 12.00
# Visual Studio 15
VisualStudioVersion = 15.0.28010.2048
MinimumVisualStudioVersion = 10.0.40219.1
Project("{9A19103F-16F7-4668-BE54-9A1E7A4F7556}") = "HighfieldQualifications", "HighfieldQualifications\HighfieldQualifications.csproj", "{379B38C3-F053-44B7-8489-D0F8C7B8BAFC}"
EndProject
Project("{FAE04EC0-301F-11D3-BF4B-00C04F79EFBC}") = "HighfieldQualifications.Contracts", "HighfieldQualifications.Contracts\HighfieldQualifications.Contracts.csproj", "{CDDE066F-B11F-43D9-B14F-57F60EB02766}"
EndProject
Global
	GlobalSection(SolutionConfigurationPlatforms) = preSolution
		Debug|Any CPU = Debug|Any CPU
		Release|Any CPU = Release|Any CPU
	EndGlobalSection
	GlobalSection(ProjectConfigurationPlatforms) = postSolution
		{379B38C3-F053-44B7-8489-D0F8C7B8BAFC}.Debug|Any CPU.ActiveCfg = Debug|Any CPU
		{379B38C3-F053-44B7-8489-D0F8C7B8BAFC}.Debug|Any CPU.Build.0 = Debug|Any CPU
		{379B38C3-F053-44B7-8489-D0F8C7B8BAFC}.Release|Any CPU.ActiveCfg = Release|Any CPU
		{379B38C3-F053-44B7-8489-D0F8C7B8BAFC}.Release|Any CPU.Build.0 = Release|Any CPU
		{CDDE066F-B11F-43D9-B14F-57F60EB02766}.Debug|Any CPU.ActiveCfg = Debug|Any CPU
		{CDDE066F-B11F-43D9-B14F-57F60EB02766}.Debug|Any CPU.Build.0 = Debug|Any CPU
		{CDDE066F-B11F-43D9-B14F-57F60EB02766}.Release|Any CPU.ActiveCfg = Release|Any CPU
		{CDDE066F-B11F-43D9-B14F-57F60EB02766}.Release|Any CPU.Build.0 = Release|Any CPU
	EndGlobalSection
	GlobalSection(SolutionProperties) = preSolution
		HideSolutionNode = FALSE
	EndGlobalSection
	GlobalSection(ExtensibilityGlobals) = postSolution
		SolutionGuid = {68FE7777-50A6-422F-9880-BA3B481598F1}
	EndGlobalSection
EndGlobal
